// !$*UTF8*$!
{
	archiveVersion = 1;
	classes = {
	};
	objectVersion = 50;
	objects = {

/* Begin PBXBuildFile section */
		190BF69E2299EACF0072D44A /* AppDelegate.swift in Sources */ = {isa = PBXBuildFile; fileRef = 190BF69D2299EACF0072D44A /* AppDelegate.swift */; };
		190BF6A02299EACF0072D44A /* ViewController.swift in Sources */ = {isa = PBXBuildFile; fileRef = 190BF69F2299EACF0072D44A /* ViewController.swift */; };
		190BF6A22299EAD10072D44A /* Assets.xcassets in Resources */ = {isa = PBXBuildFile; fileRef = 190BF6A12299EAD10072D44A /* Assets.xcassets */; };
		190BF6A52299EAD10072D44A /* Main.storyboard in Resources */ = {isa = PBXBuildFile; fileRef = 190BF6A32299EAD10072D44A /* Main.storyboard */; };
		190BF6AE2299F33A0072D44A /* CalcEngineProtocol.swift in Sources */ = {isa = PBXBuildFile; fileRef = 190BF6AD2299F3390072D44A /* CalcEngineProtocol.swift */; };
		190BF6B02299F34F0072D44A /* CalculatorEngine.swift in Sources */ = {isa = PBXBuildFile; fileRef = 190BF6AF2299F34F0072D44A /* CalculatorEngine.swift */; };
		19B3533F22E3C401007D3582 /* helpView.swift in Sources */ = {isa = PBXBuildFile; fileRef = 19B3533E22E3C401007D3582 /* helpView.swift */; };
/* End PBXBuildFile section */

/* Begin PBXFileReference section */
		190BF69A2299EACF0072D44A /* macOS Calculator.app */ = {isa = PBXFileReference; explicitFileType = wrapper.application; includeInIndex = 0; path = "macOS Calculator.app"; sourceTree = BUILT_PRODUCTS_DIR; };
		190BF69D2299EACF0072D44A /* AppDelegate.swift */ = {isa = PBXFileReference; lastKnownFileType = sourcecode.swift; path = AppDelegate.swift; sourceTree = "<group>"; };
		190BF69F2299EACF0072D44A /* ViewController.swift */ = {isa = PBXFileReference; lastKnownFileType = sourcecode.swift; path = ViewController.swift; sourceTree = "<group>"; };
		190BF6A12299EAD10072D44A /* Assets.xcassets */ = {isa = PBXFileReference; lastKnownFileType = folder.assetcatalog; path = Assets.xcassets; sourceTree = "<group>"; };
		190BF6A42299EAD10072D44A /* Base */ = {isa = PBXFileReference; lastKnownFileType = file.storyboard; name = Base; path = Base.lproj/Main.storyboard; sourceTree = "<group>"; };
		190BF6A62299EAD10072D44A /* Info.plist */ = {isa = PBXFileReference; lastKnownFileType = text.plist.xml; path = Info.plist; sourceTree = "<group>"; };
		190BF6A72299EAD10072D44A /* macOS_Calculator.entitlements */ = {isa = PBXFileReference; lastKnownFileType = text.plist.entitlements; path = macOS_Calculator.entitlements; sourceTree = "<group>"; };
		190BF6AD2299F3390072D44A /* CalcEngineProtocol.swift */ = {isa = PBXFileReference; fileEncoding = 4; lastKnownFileType = sourcecode.swift; path = CalcEngineProtocol.swift; sourceTree = "<group>"; };
		190BF6AF2299F34F0072D44A /* CalculatorEngine.swift */ = {isa = PBXFileReference; fileEncoding = 4; lastKnownFileType = sourcecode.swift; path = CalculatorEngine.swift; sourceTree = "<group>"; };
		19B3533E22E3C401007D3582 /* helpView.swift */ = {isa = PBXFileReference; lastKnownFileType = sourcecode.swift; path = helpView.swift; sourceTree = "<group>"; };
/* End PBXFileReference section */

/* Begin PBXFrameworksBuildPhase section */
		190BF6972299EACF0072D44A /* Frameworks */ = {
			isa = PBXFrameworksBuildPhase;
			buildActionMask = 2147483647;
			files = (
			);
			runOnlyForDeploymentPostprocessing = 0;
		};
/* End PBXFrameworksBuildPhase section */

/* Begin PBXGroup section */
		190BF6912299EACF0072D44A = {
			isa = PBXGroup;
			children = (
				190BF69C2299EACF0072D44A /* macOS Calculator */,
				190BF69B2299EACF0072D44A /* Products */,
			);
			sourceTree = "<group>";
		};
		190BF69B2299EACF0072D44A /* Products */ = {
			isa = PBXGroup;
			children = (
				190BF69A2299EACF0072D44A /* macOS Calculator.app */,
			);
			name = Products;
			sourceTree = "<group>";
		};
		190BF69C2299EACF0072D44A /* macOS Calculator */ = {
			isa = PBXGroup;
			children = (
				190BF6AD2299F3390072D44A /* CalcEngineProtocol.swift */,
				190BF6AF2299F34F0072D44A /* CalculatorEngine.swift */,
				190BF69D2299EACF0072D44A /* AppDelegate.swift */,
				190BF69F2299EACF0072D44A /* ViewController.swift */,
				190BF6A12299EAD10072D44A /* Assets.xcassets */,
				190BF6A32299EAD10072D44A /* Main.storyboard */,
				190BF6A62299EAD10072D44A /* Info.plist */,
				190BF6A72299EAD10072D44A /* macOS_Calculator.entitlements */,
				19B3533E22E3C401007D3582 /* helpView.swift */,
			);
			path = "macOS Calculator";
			sourceTree = "<group>";
		};
/* End PBXGroup section */

/* Begin PBXNativeTarget section */
		190BF6992299EACF0072D44A /* macOS Calculator */ = {
			isa = PBXNativeTarget;
			buildConfigurationList = 190BF6AA2299EAD10072D44A /* Build configuration list for PBXNativeTarget "macOS Calculator" */;
			buildPhases = (
				190BF6962299EACF0072D44A /* Sources */,
				190BF6972299EACF0072D44A /* Frameworks */,
				190BF6982299EACF0072D44A /* Resources */,
			);
			buildRules = (
			);
			dependencies = (
			);
			name = "macOS Calculator";
			productName = "macOS Calculator";
			productReference = 190BF69A2299EACF0072D44A /* macOS Calculator.app */;
			productType = "com.apple.product-type.application";
		};
/* End PBXNativeTarget section */

/* Begin PBXProject section */
		190BF6922299EACF0072D44A /* Project object */ = {
			isa = PBXProject;
			attributes = {
				LastSwiftUpdateCheck = 1010;
				LastUpgradeCheck = 1010;
				ORGANIZATIONNAME = DesignX6;
				TargetAttributes = {
					190BF6992299EACF0072D44A = {
						CreatedOnToolsVersion = 10.1;
					};
				};
			};
			buildConfigurationList = 190BF6952299EACF0072D44A /* Build configuration list for PBXProject "macOS Calculator" */;
			compatibilityVersion = "Xcode 9.3";
			developmentRegion = en;
			hasScannedForEncodings = 0;
			knownRegions = (
				en,
				Base,
			);
			mainGroup = 190BF6912299EACF0072D44A;
			productRefGroup = 190BF69B2299EACF0072D44A /* Products */;
			projectDirPath = "";
			projectRoot = "";
			targets = (
				190BF6992299EACF0072D44A /* macOS Calculator */,
			);
		};
/* End PBXProject section */

/* Begin PBXResourcesBuildPhase section */
		190BF6982299EACF0072D44A /* Resources */ = {
			isa = PBXResourcesBuildPhase;
			buildActionMask = 2147483647;
			files = (
				190BF6A22299EAD10072D44A /* Assets.xcassets in Resources */,
				190BF6A52299EAD10072D44A /* Main.storyboard in Resources */,
			);
			runOnlyForDeploymentPostprocessing = 0;
		};
/* End PBXResourcesBuildPhase section */

/* Begin PBXSourcesBuildPhase section */
		190BF6962299EACF0072D44A /* Sources */ = {
			isa = PBXSourcesBuildPhase;
			buildActionMask = 2147483647;
			files = (
				190BF6AE2299F33A0072D44A /* CalcEngineProtocol.swift in Sources */,
				190BF6B02299F34F0072D44A /* CalculatorEngine.swift in Sources */,
				190BF6A02299EACF0072D44A /* ViewController.swift in Sources */,
				19B3533F22E3C401007D3582 /* helpView.swift in Sources */,
				190BF69E2299EACF0072D44A /* AppDelegate.swift in Sources */,
			);
			runOnlyForDeploymentPostprocessing = 0;
		};
/* End PBXSourcesBuildPhase section */

/* Begin PBXVariantGroup section */
		190BF6A32299EAD10072D44A /* Main.storyboard */ = {
			isa = PBXVariantGroup;
			children = (
				190BF6A42299EAD10072D44A /* Base */,
			);
			name = Main.storyboard;
			sourceTree = "<group>";
		};
/* End PBXVariantGroup section */

/* Begin XCBuildConfiguration section */
		190BF6A82299EAD10072D44A /* Debug */ = {
			isa = XCBuildConfiguration;
			buildSettings = {
				ALWAYS_SEARCH_USER_PATHS = NO;
				CLANG_ANALYZER_NONNULL = YES;
				CLANG_ANALYZER_NUMBER_OBJECT_CONVERSION = YES_AGGRESSIVE;
				CLANG_CXX_LANGUAGE_STANDARD = "gnu++14";
				CLANG_CXX_LIBRARY = "libc++";
				CLANG_ENABLE_MODULES = YES;
				CLANG_ENABLE_OBJC_ARC = YES;
				CLANG_ENABLE_OBJC_WEAK = YES;
				CLANG_WARN_BLOCK_CAPTURE_AUTORELEASING = YES;
				CLANG_WARN_BOOL_CONVERSION = YES;
				CLANG_WARN_COMMA = YES;
				CLANG_WARN_CONSTANT_CONVERSION = YES;
				CLANG_WARN_DEPRECATED_OBJC_IMPLEMENTATIONS = YES;
				CLANG_WARN_DIRECT_OBJC_ISA_USAGE = YES_ERROR;
				CLANG_WARN_DOCUMENTATION_COMMENTS = YES;
				CLANG_WARN_EMPTY_BODY = YES;
				CLANG_WARN_ENUM_CONVERSION = YES;
				CLANG_WARN_INFINITE_RECURSION = YES;
				CLANG_WARN_INT_CONVERSION = YES;
				CLANG_WARN_NON_LITERAL_NULL_CONVERSION = YES;
				CLANG_WARN_OBJC_IMPLICIT_RETAIN_SELF = YES;
				CLANG_WARN_OBJC_LITERAL_CONVERSION = YES;
				CLANG_WARN_OBJC_ROOT_CLASS = YES_ERROR;
				CLANG_WARN_RANGE_LOOP_ANALYSIS = YES;
				CLANG_WARN_STRICT_PROTOTYPES = YES;
				CLANG_WARN_SUSPICIOUS_MOVE = YES;
				CLANG_WARN_UNGUARDED_AVAILABILITY = YES_AGGRESSIVE;
				CLANG_WARN_UNREACHABLE_CODE = YES;
				CLANG_WARN__DUPLICATE_METHOD_MATCH = YES;
				CODE_SIGN_IDENTITY = "-";
				COPY_PHASE_STRIP = NO;
				DEBUG_INFORMATION_FORMAT = dwarf;
				ENABLE_STRICT_OBJC_MSGSEND = YES;
				ENABLE_TESTABILITY = YES;
				GCC_C_LANGUAGE_STANDARD = gnu11;
				GCC_DYNAMIC_NO_PIC = NO;
				GCC_NO_COMMON_BLOCKS = YES;
				GCC_OPTIMIZATION_LEVEL = 0;
				GCC_PREPROCESSOR_DEFINITIONS = (
					"DEBUG=1",
					"$(inherited)",
				);
				GCC_WARN_64_TO_32_BIT_CONVERSION = YES;
				GCC_WARN_ABOUT_RETURN_TYPE = YES_ERROR;
				GCC_WARN_UNDECLARED_SELECTOR = YES;
				GCC_WARN_UNINITIALIZED_AUTOS = YES_AGGRESSIVE;
				GCC_WARN_UNUSED_FUNCTION = YES;
				GCC_WARN_UNUSED_VARIABLE = YES;
				MACOSX_DEPLOYMENT_TARGET = 10.13;
				MTL_ENABLE_DEBUG_INFO = INCLUDE_SOURCE;
				MTL_FAST_MATH = YES;
				ONLY_ACTIVE_ARCH = YES;
				SDKROOT = macosx;
				SWIFT_ACTIVE_COMPILATION_CONDITIONS = DEBUG;
				SWIFT_OPTIMIZATION_LEVEL = "-Onone";
			};
			name = Debug;
		};
		190BF6A92299EAD10072D44A /* Release */ = {
			isa = XCBuildConfiguration;
			buildSettings = {
				ALWAYS_SEARCH_USER_PATHS = NO;
				CLANG_ANALYZER_NONNULL = YES;
				CLANG_ANALYZER_NUMBER_OBJECT_CONVERSION = YES_AGGRESSIVE;
				CLANG_CXX_LANGUAGE_STANDARD = "gnu++14";
				CLANG_CXX_LIBRARY = "libc++";
				CLANG_ENABLE_MODULES = YES;
				CLANG_ENABLE_OBJC_ARC = YES;
				CLANG_ENABLE_OBJC_WEAK = YES;
				CLANG_WARN_BLOCK_CAPTURE_AUTORELEASING = YES;
				CLANG_WARN_BOOL_CONVERSION = YES;
				CLANG_WARN_COMMA = YES;
				CLANG_WARN_CONSTANT_CONVERSION = YES;
				CLANG_WARN_DEPRECATED_OBJC_IMPLEMENTATIONS = YES;
				CLANG_WARN_DIRECT_OBJC_ISA_USAGE = YES_ERROR;
				CLANG_WARN_DOCUMENTATION_COMMENTS = YES;
				CLANG_WARN_EMPTY_BODY = YES;
				CLANG_WARN_ENUM_CONVERSION = YES;
				CLANG_WARN_INFINITE_RECURSION = YES;
				CLANG_WARN_INT_CONVERSION = YES;
				CLANG_WARN_NON_LITERAL_NULL_CONVERSION = YES;
				CLANG_WARN_OBJC_IMPLICIT_RETAIN_SELF = YES;
				CLANG_WARN_OBJC_LITERAL_CONVERSION = YES;
				CLANG_WARN_OBJC_ROOT_CLASS = YES_ERROR;
				CLANG_WARN_RANGE_LOOP_ANALYSIS = YES;
				CLANG_WARN_STRICT_PROTOTYPES = YES;
				CLANG_WARN_SUSPICIOUS_MOVE = YES;
				CLANG_WARN_UNGUARDED_AVAILABILITY = YES_AGGRESSIVE;
				CLANG_WARN_UNREACHABLE_CODE = YES;
				CLANG_WARN__DUPLICATE_METHOD_MATCH = YES;
				CODE_SIGN_IDENTITY = "-";
				COPY_PHASE_STRIP = NO;
				DEBUG_INFORMATION_FORMAT = "dwarf-with-dsym";
				ENABLE_NS_ASSERTIONS = NO;
				ENABLE_STRICT_OBJC_MSGSEND = YES;
				GCC_C_LANGUAGE_STANDARD = gnu11;
				GCC_NO_COMMON_BLOCKS = YES;
				GCC_WARN_64_TO_32_BIT_CONVERSION = YES;
				GCC_WARN_ABOUT_RETURN_TYPE = YES_ERROR;
				GCC_WARN_UNDECLARED_SELECTOR = YES;
				GCC_WARN_UNINITIALIZED_AUTOS = YES_AGGRESSIVE;
				GCC_WARN_UNUSED_FUNCTION = YES;
				GCC_WARN_UNUSED_VARIABLE = YES;
				MACOSX_DEPLOYMENT_TARGET = 10.13;
				MTL_ENABLE_DEBUG_INFO = NO;
				MTL_FAST_MATH = YES;
				SDKROOT = macosx;
				SWIFT_COMPILATION_MODE = wholemodule;
				SWIFT_OPTIMIZATION_LEVEL = "-O";
			};
			name = Release;
		};
		190BF6AB2299EAD10072D44A /* Debug */ = {
			isa = XCBuildConfiguration;
			buildSettings = {
				ASSETCATALOG_COMPILER_APPICON_NAME = AppIcon;
				CODE_SIGN_ENTITLEMENTS = "macOS Calculator/macOS_Calculator.entitlements";
				CODE_SIGN_STYLE = Automatic;
				COMBINE_HIDPI_IMAGES = YES;
				INFOPLIST_FILE = "macOS Calculator/Info.plist";
				LD_RUNPATH_SEARCH_PATHS = (
					"$(inherited)",
					"@executable_path/../Frameworks",
				);
				PRODUCT_BUNDLE_IDENTIFIER = "com.designx6.learningscenekit.macOS-Calculator";
				PRODUCT_NAME = "$(TARGET_NAME)";
				SWIFT_VERSION = 4.2;
			};
			name = Debug;
		};
		190BF6AC2299EAD10072D44A /* Release */ = {
			isa = XCBuildConfiguration;
			buildSettings = {
				ASSETCATALOG_COMPILER_APPICON_NAME = AppIcon;
				CODE_SIGN_ENTITLEMENTS = "macOS Calculator/macOS_Calculator.entitlements";
				CODE_SIGN_STYLE = Automatic;
				COMBINE_HIDPI_IMAGES = YES;
				INFOPLIST_FILE = "macOS Calculator/Info.plist";
				LD_RUNPATH_SEARCH_PATHS = (
					"$(inherited)",
					"@executable_path/../Frameworks",
				);
				PRODUCT_BUNDLE_IDENTIFIER = "com.designx6.learningscenekit.macOS-Calculator";
				PRODUCT_NAME = "$(TARGET_NAME)";
				SWIFT_VERSION = 4.2;
			};
			name = Release;
		};
/* End XCBuildConfiguration section */

/* Begin XCConfigurationList section */
		190BF6952299EACF0072D44A /* Build configuration list for PBXProject "macOS Calculator" */ = {
			isa = XCConfigurationList;
			buildConfigurations = (
				190BF6A82299EAD10072D44A /* Debug */,
				190BF6A92299EAD10072D44A /* Release */,
			);
			defaultConfigurationIsVisible = 0;
			defaultConfigurationName = Release;
		};
		190BF6AA2299EAD10072D44A /* Build configuration list for PBXNativeTarget "macOS Calculator" */ = {
			isa = XCConfigurationList;
			buildConfigurations = (
				190BF6AB2299EAD10072D44A /* Debug */,
				190BF6AC2299EAD10072D44A /* Release */,
			);
			defaultConfigurationIsVisible = 0;
			defaultConfigurationName = Release;
		};
/* End XCConfigurationList section */
	};
	rootObject = 190BF6922299EACF0072D44A /* Project object */;
}
